
Microsoft Visual Studio Solution File, Format Version 12.00
# Visual Studio Version 16
VisualStudioVersion = 16.0.30907.101
MinimumVisualStudioVersion = 10.0.40219.1
Project("{FAE04EC0-301F-11D3-BF4B-00C04F79EFBC}") = "CourseItr", "CourseItr\CourseItr.csproj", "{D29560C3-3438-4C93-B367-F2B8FDFB4D72}"
EndProject
Global
	GlobalSection(SolutionConfigurationPlatforms) = preSolution
		Debug|Any CPU = Debug|Any CPU
		Release|Any CPU = Release|Any CPU
	EndGlobalSection
	GlobalSection(ProjectConfigurationPlatforms) = postSolution
		{D29560C3-3438-4C93-B367-F2B8FDFB4D72}.Debug|Any CPU.ActiveCfg = Debug|Any CPU
		{D29560C3-3438-4C93-B367-F2B8FDFB4D72}.Debug|Any CPU.Build.0 = Debug|Any CPU
		{D29560C3-3438-4C93-B367-F2B8FDFB4D72}.Release|Any CPU.ActiveCfg = Release|Any CPU
		{D29560C3-3438-4C93-B367-F2B8FDFB4D72}.Release|Any CPU.Build.0 = Release|Any CPU
	EndGlobalSection
	GlobalSection(SolutionProperties) = preSolution
		HideSolutionNode = FALSE
	EndGlobalSection
	GlobalSection(ExtensibilityGlobals) = postSolution
		SolutionGuid = {12C33EDF-3160-4FB9-8F75-316AFF204B1F}
	EndGlobalSection
EndGlobal
